
Microsoft Visual Studio Solution File, Format Version 10.00
# Visual Studio 2008
Project("{FAE04EC0-301F-11D3-BF4B-00C04F79EFBC}") = "Web", "Web\Web.csproj", "{E17149DF-FBDE-47FC-81F3-DC94CFD1DB1F}"
EndProject
Project("{FAE04EC0-301F-11D3-BF4B-00C04F79EFBC}") = "ReportingService", "ReportingService\ReportingService.csproj", "{DBED4DAC-2933-4E0D-BF95-954180D57EA7}"
EndProject
Project("{FAE04EC0-301F-11D3-BF4B-00C04F79EFBC}") = "GlobalVariables", "GlobalVariables\GlobalVariables.csproj", "{E40A3114-02D1-4B75-A8DC-CCFF0AF02F33}"
EndProject
Project("{FAE04EC0-301F-11D3-BF4B-00C04F79EFBC}") = "BusinessLogic", "BusinessLogic\BusinessLogic.csproj", "{62B4395A-4B43-4CF7-9E34-3D1542458C11}"
EndProject
Project("{FAE04EC0-301F-11D3-BF4B-00C04F79EFBC}") = "DataAccessLayer", "DataAccessLayer\DataAccessLayer.csproj", "{01AAEE30-FF7F-430E-8F73-F7F7BEA58D73}"
EndProject
Project("{FAE04EC0-301F-11D3-BF4B-00C04F79EFBC}") = "DataSet", "DataSet\DataSet.csproj", "{38A17F01-5116-4672-92EC-FC4588E57A17}"
EndProject
Project("{FAE04EC0-301F-11D3-BF4B-00C04F79EFBC}") = "Google Analytics Desbord Controls", "Google Analytics Desbord Controls\Google Analytics Desbord Controls.csproj", "{D39A402C-F98E-4FF4-B09B-CEDAA9F937D3}"
EndProject
Project("{FAE04EC0-301F-11D3-BF4B-00C04F79EFBC}") = "Data", "Blocks\Data\Src\Data\Data.csproj", "{D349B6D8-992F-443F-BB57-57E50DD98794}"
EndProject
Project("{FAE04EC0-301F-11D3-BF4B-00C04F79EFBC}") = "Common", "Blocks\Common\Src\Common.csproj", "{A09297C8-2C40-470B-8856-D856676DDFFA}"
EndProject
Project("{FAE04EC0-301F-11D3-BF4B-00C04F79EFBC}") = "Microsoft.Practices.ServiceLocation", "Blocks\Microsoft.Practices.ServiceLocation\Microsoft.Practices.ServiceLocation.csproj", "{FAF6D6B2-1EC9-4A1B-83BB-48F772E948CF}"
EndProject
Project("{2150E333-8FDC-42A3-9474-1A3956D46DE8}") = "Unit", "Unit", "{FACC670B-4AE6-4EC3-937A-73C300CAB6C5}"
EndProject
Project("{2150E333-8FDC-42A3-9474-1A3956D46DE8}") = "EnterpriseLibrary", "EnterpriseLibrary", "{77F03838-05F2-48C2-AC83-90B55CF67570}"
EndProject
Project("{FAE04EC0-301F-11D3-BF4B-00C04F79EFBC}") = "Unity", "Unity\Unity\Src\Unity.csproj", "{EE1F752C-1FAB-41AD-AD63-857D0E62AB6B}"
EndProject
Project("{FAE04EC0-301F-11D3-BF4B-00C04F79EFBC}") = "Unity.Interception", "Unity\Unity.Interception\Src\Unity.Interception.csproj", "{F8186B23-B0E1-4646-B5F3-14357841E2BA}"
EndProject
Global
	GlobalSection(SolutionConfigurationPlatforms) = preSolution
		Debug|Any CPU = Debug|Any CPU
		Debug|x64 = Debug|x64
		Debug|x86 = Debug|x86
		Release|Any CPU = Release|Any CPU
		Release|x64 = Release|x64
		Release|x86 = Release|x86
	EndGlobalSection
	GlobalSection(ProjectConfigurationPlatforms) = postSolution
		{E17149DF-FBDE-47FC-81F3-DC94CFD1DB1F}.Debug|Any CPU.ActiveCfg = Debug|Any CPU
		{E17149DF-FBDE-47FC-81F3-DC94CFD1DB1F}.Debug|Any CPU.Build.0 = Debug|Any CPU
		{E17149DF-FBDE-47FC-81F3-DC94CFD1DB1F}.Debug|x64.ActiveCfg = Debug|Any CPU
		{E17149DF-FBDE-47FC-81F3-DC94CFD1DB1F}.Debug|x64.Build.0 = Debug|Any CPU
		{E17149DF-FBDE-47FC-81F3-DC94CFD1DB1F}.Debug|x86.ActiveCfg = Debug|Any CPU
		{E17149DF-FBDE-47FC-81F3-DC94CFD1DB1F}.Debug|x86.Build.0 = Debug|Any CPU
		{E17149DF-FBDE-47FC-81F3-DC94CFD1DB1F}.Release|Any CPU.ActiveCfg = Release|Any CPU
		{E17149DF-FBDE-47FC-81F3-DC94CFD1DB1F}.Release|Any CPU.Build.0 = Release|Any CPU
		{E17149DF-FBDE-47FC-81F3-DC94CFD1DB1F}.Release|x64.ActiveCfg = Release|Any CPU
		{E17149DF-FBDE-47FC-81F3-DC94CFD1DB1F}.Release|x64.Build.0 = Release|Any CPU
		{E17149DF-FBDE-47FC-81F3-DC94CFD1DB1F}.Release|x86.ActiveCfg = Release|Any CPU
		{E17149DF-FBDE-47FC-81F3-DC94CFD1DB1F}.Release|x86.Build.0 = Release|Any CPU
		{DBED4DAC-2933-4E0D-BF95-954180D57EA7}.Debug|Any CPU.ActiveCfg = Debug|Any CPU
		{DBED4DAC-2933-4E0D-BF95-954180D57EA7}.Debug|Any CPU.Build.0 = Debug|Any CPU
		{DBED4DAC-2933-4E0D-BF95-954180D57EA7}.Debug|x64.ActiveCfg = Debug|Any CPU
		{DBED4DAC-2933-4E0D-BF95-954180D57EA7}.Debug|x64.Build.0 = Debug|Any CPU
		{DBED4DAC-2933-4E0D-BF95-954180D57EA7}.Debug|x86.ActiveCfg = Debug|Any CPU
		{DBED4DAC-2933-4E0D-BF95-954180D57EA7}.Debug|x86.Build.0 = Debug|Any CPU
		{DBED4DAC-2933-4E0D-BF95-954180D57EA7}.Release|Any CPU.ActiveCfg = Release|Any CPU
		{DBED4DAC-2933-4E0D-BF95-954180D57EA7}.Release|Any CPU.Build.0 = Release|Any CPU
		{DBED4DAC-2933-4E0D-BF95-954180D57EA7}.Release|x64.ActiveCfg = Release|Any CPU
		{DBED4DAC-2933-4E0D-BF95-954180D57EA7}.Release|x64.Build.0 = Release|Any CPU
		{DBED4DAC-2933-4E0D-BF95-954180D57EA7}.Release|x86.ActiveCfg = Release|Any CPU
		{DBED4DAC-2933-4E0D-BF95-954180D57EA7}.Release|x86.Build.0 = Release|Any CPU
		{E40A3114-02D1-4B75-A8DC-CCFF0AF02F33}.Debug|Any CPU.ActiveCfg = Debug|Any CPU
		{E40A3114-02D1-4B75-A8DC-CCFF0AF02F33}.Debug|Any CPU.Build.0 = Debug|Any CPU
		{E40A3114-02D1-4B75-A8DC-CCFF0AF02F33}.Debug|x64.ActiveCfg = Debug|Any CPU
		{E40A3114-02D1-4B75-A8DC-CCFF0AF02F33}.Debug|x64.Build.0 = Debug|Any CPU
		{E40A3114-02D1-4B75-A8DC-CCFF0AF02F33}.Debug|x86.ActiveCfg = Debug|Any CPU
		{E40A3114-02D1-4B75-A8DC-CCFF0AF02F33}.Debug|x86.Build.0 = Debug|Any CPU
		{E40A3114-02D1-4B75-A8DC-CCFF0AF02F33}.Release|Any CPU.ActiveCfg = Release|Any CPU
		{E40A3114-02D1-4B75-A8DC-CCFF0AF02F33}.Release|Any CPU.Build.0 = Release|Any CPU
		{E40A3114-02D1-4B75-A8DC-CCFF0AF02F33}.Release|x64.ActiveCfg = Release|Any CPU
		{E40A3114-02D1-4B75-A8DC-CCFF0AF02F33}.Release|x64.Build.0 = Release|Any CPU
		{E40A3114-02D1-4B75-A8DC-CCFF0AF02F33}.Release|x86.ActiveCfg = Release|Any CPU
		{E40A3114-02D1-4B75-A8DC-CCFF0AF02F33}.Release|x86.Build.0 = Release|Any CPU
		{62B4395A-4B43-4CF7-9E34-3D1542458C11}.Debug|Any CPU.ActiveCfg = Debug|Any CPU
		{62B4395A-4B43-4CF7-9E34-3D1542458C11}.Debug|Any CPU.Build.0 = Debug|Any CPU
		{62B4395A-4B43-4CF7-9E34-3D1542458C11}.Debug|x64.ActiveCfg = Debug|Any CPU
		{62B4395A-4B43-4CF7-9E34-3D1542458C11}.Debug|x64.Build.0 = Debug|Any CPU
		{62B4395A-4B43-4CF7-9E34-3D1542458C11}.Debug|x86.ActiveCfg = Debug|Any CPU
		{62B4395A-4B43-4CF7-9E34-3D1542458C11}.Debug|x86.Build.0 = Debug|Any CPU
		{62B4395A-4B43-4CF7-9E34-3D1542458C11}.Release|Any CPU.ActiveCfg = Release|Any CPU
		{62B4395A-4B43-4CF7-9E34-3D1542458C11}.Release|Any CPU.Build.0 = Release|Any CPU
		{62B4395A-4B43-4CF7-9E34-3D1542458C11}.Release|x64.ActiveCfg = Release|Any CPU
		{62B4395A-4B43-4CF7-9E34-3D1542458C11}.Release|x64.Build.0 = Release|Any CPU
		{62B4395A-4B43-4CF7-9E34-3D1542458C11}.Release|x86.ActiveCfg = Release|Any CPU
		{62B4395A-4B43-4CF7-9E34-3D1542458C11}.Release|x86.Build.0 = Release|Any CPU
		{01AAEE30-FF7F-430E-8F73-F7F7BEA58D73}.Debug|Any CPU.ActiveCfg = Debug|Any CPU
		{01AAEE30-FF7F-430E-8F73-F7F7BEA58D73}.Debug|Any CPU.Build.0 = Debug|Any CPU
		{01AAEE30-FF7F-430E-8F73-F7F7BEA58D73}.Debug|x64.ActiveCfg = Debug|Any CPU
		{01AAEE30-FF7F-430E-8F73-F7F7BEA58D73}.Debug|x64.Build.0 = Debug|Any CPU
		{01AAEE30-FF7F-430E-8F73-F7F7BEA58D73}.Debug|x86.ActiveCfg = Debug|Any CPU
		{01AAEE30-FF7F-430E-8F73-F7F7BEA58D73}.Debug|x86.Build.0 = Debug|Any CPU
		{01AAEE30-FF7F-430E-8F73-F7F7BEA58D73}.Release|Any CPU.ActiveCfg = Release|Any CPU
		{01AAEE30-FF7F-430E-8F73-F7F7BEA58D73}.Release|Any CPU.Build.0 = Release|Any CPU
		{01AAEE30-FF7F-430E-8F73-F7F7BEA58D73}.Release|x64.ActiveCfg = Release|Any CPU
		{01AAEE30-FF7F-430E-8F73-F7F7BEA58D73}.Release|x64.Build.0 = Release|Any CPU
		{01AAEE30-FF7F-430E-8F73-F7F7BEA58D73}.Release|x86.ActiveCfg = Release|Any CPU
		{01AAEE30-FF7F-430E-8F73-F7F7BEA58D73}.Release|x86.Build.0 = Release|Any CPU
		{38A17F01-5116-4672-92EC-FC4588E57A17}.Debug|Any CPU.ActiveCfg = Debug|Any CPU
		{38A17F01-5116-4672-92EC-FC4588E57A17}.Debug|Any CPU.Build.0 = Debug|Any CPU
		{38A17F01-5116-4672-92EC-FC4588E57A17}.Debug|x64.ActiveCfg = Debug|Any CPU
		{38A17F01-5116-4672-92EC-FC4588E57A17}.Debug|x64.Build.0 = Debug|Any CPU
		{38A17F01-5116-4672-92EC-FC4588E57A17}.Debug|x86.ActiveCfg = Debug|Any CPU
		{38A17F01-5116-4672-92EC-FC4588E57A17}.Debug|x86.Build.0 = Debug|Any CPU
		{38A17F01-5116-4672-92EC-FC4588E57A17}.Release|Any CPU.ActiveCfg = Release|Any CPU
		{38A17F01-5116-4672-92EC-FC4588E57A17}.Release|Any CPU.Build.0 = Release|Any CPU
		{38A17F01-5116-4672-92EC-FC4588E57A17}.Release|x64.ActiveCfg = Release|Any CPU
		{38A17F01-5116-4672-92EC-FC4588E57A17}.Release|x64.Build.0 = Release|Any CPU
		{38A17F01-5116-4672-92EC-FC4588E57A17}.Release|x86.ActiveCfg = Release|Any CPU
		{38A17F01-5116-4672-92EC-FC4588E57A17}.Release|x86.Build.0 = Release|Any CPU
		{D39A402C-F98E-4FF4-B09B-CEDAA9F937D3}.Debug|Any CPU.ActiveCfg = Debug|Any CPU
		{D39A402C-F98E-4FF4-B09B-CEDAA9F937D3}.Debug|Any CPU.Build.0 = Debug|Any CPU
		{D39A402C-F98E-4FF4-B09B-CEDAA9F937D3}.Debug|x64.ActiveCfg = Debug|Any CPU
		{D39A402C-F98E-4FF4-B09B-CEDAA9F937D3}.Debug|x86.ActiveCfg = Debug|Any CPU
		{D39A402C-F98E-4FF4-B09B-CEDAA9F937D3}.Release|Any CPU.ActiveCfg = Release|Any CPU
		{D39A402C-F98E-4FF4-B09B-CEDAA9F937D3}.Release|Any CPU.Build.0 = Release|Any CPU
		{D39A402C-F98E-4FF4-B09B-CEDAA9F937D3}.Release|x64.ActiveCfg = Release|Any CPU
		{D39A402C-F98E-4FF4-B09B-CEDAA9F937D3}.Release|x86.ActiveCfg = Release|Any CPU
		{D349B6D8-992F-443F-BB57-57E50DD98794}.Debug|Any CPU.ActiveCfg = Debug|Any CPU
		{D349B6D8-992F-443F-BB57-57E50DD98794}.Debug|Any CPU.Build.0 = Debug|Any CPU
		{D349B6D8-992F-443F-BB57-57E50DD98794}.Debug|x64.ActiveCfg = Debug|Any CPU
		{D349B6D8-992F-443F-BB57-57E50DD98794}.Debug|x86.ActiveCfg = Debug|Any CPU
		{D349B6D8-992F-443F-BB57-57E50DD98794}.Release|Any CPU.ActiveCfg = Release|Any CPU
		{D349B6D8-992F-443F-BB57-57E50DD98794}.Release|Any CPU.Build.0 = Release|Any CPU
		{D349B6D8-992F-443F-BB57-57E50DD98794}.Release|x64.ActiveCfg = Release|Any CPU
		{D349B6D8-992F-443F-BB57-57E50DD98794}.Release|x86.ActiveCfg = Release|Any CPU
		{A09297C8-2C40-470B-8856-D856676DDFFA}.Debug|Any CPU.ActiveCfg = Debug|Any CPU
		{A09297C8-2C40-470B-8856-D856676DDFFA}.Debug|Any CPU.Build.0 = Debug|Any CPU
		{A09297C8-2C40-470B-8856-D856676DDFFA}.Debug|x64.ActiveCfg = Debug|Any CPU
		{A09297C8-2C40-470B-8856-D856676DDFFA}.Debug|x86.ActiveCfg = Debug|Any CPU
		{A09297C8-2C40-470B-8856-D856676DDFFA}.Release|Any CPU.ActiveCfg = Release|Any CPU
		{A09297C8-2C40-470B-8856-D856676DDFFA}.Release|Any CPU.Build.0 = Release|Any CPU
		{A09297C8-2C40-470B-8856-D856676DDFFA}.Release|x64.ActiveCfg = Release|Any CPU
		{A09297C8-2C40-470B-8856-D856676DDFFA}.Release|x86.ActiveCfg = Release|Any CPU
		{FAF6D6B2-1EC9-4A1B-83BB-48F772E948CF}.Debug|Any CPU.ActiveCfg = Debug|Any CPU
		{FAF6D6B2-1EC9-4A1B-83BB-48F772E948CF}.Debug|Any CPU.Build.0 = Debug|Any CPU
		{FAF6D6B2-1EC9-4A1B-83BB-48F772E948CF}.Debug|x64.ActiveCfg = Debug|Any CPU
		{FAF6D6B2-1EC9-4A1B-83BB-48F772E948CF}.Debug|x86.ActiveCfg = Debug|Any CPU
		{FAF6D6B2-1EC9-4A1B-83BB-48F772E948CF}.Release|Any CPU.ActiveCfg = Release|Any CPU
		{FAF6D6B2-1EC9-4A1B-83BB-48F772E948CF}.Release|Any CPU.Build.0 = Release|Any CPU
		{FAF6D6B2-1EC9-4A1B-83BB-48F772E948CF}.Release|x64.ActiveCfg = Release|Any CPU
		{FAF6D6B2-1EC9-4A1B-83BB-48F772E948CF}.Release|x86.ActiveCfg = Release|Any CPU
		{EE1F752C-1FAB-41AD-AD63-857D0E62AB6B}.Debug|Any CPU.ActiveCfg = Debug|Any CPU
		{EE1F752C-1FAB-41AD-AD63-857D0E62AB6B}.Debug|Any CPU.Build.0 = Debug|Any CPU
		{EE1F752C-1FAB-41AD-AD63-857D0E62AB6B}.Debug|x64.ActiveCfg = Debug|Any CPU
		{EE1F752C-1FAB-41AD-AD63-857D0E62AB6B}.Debug|x86.ActiveCfg = Debug|Any CPU
		{EE1F752C-1FAB-41AD-AD63-857D0E62AB6B}.Release|Any CPU.ActiveCfg = Release|Any CPU
		{EE1F752C-1FAB-41AD-AD63-857D0E62AB6B}.Release|Any CPU.Build.0 = Release|Any CPU
		{EE1F752C-1FAB-41AD-AD63-857D0E62AB6B}.Release|x64.ActiveCfg = Release|Any CPU
		{EE1F752C-1FAB-41AD-AD63-857D0E62AB6B}.Release|x86.ActiveCfg = Release|Any CPU
		{F8186B23-B0E1-4646-B5F3-14357841E2BA}.Debug|Any CPU.ActiveCfg = Debug|Any CPU
		{F8186B23-B0E1-4646-B5F3-14357841E2BA}.Debug|Any CPU.Build.0 = Debug|Any CPU
		{F8186B23-B0E1-4646-B5F3-14357841E2BA}.Debug|x64.ActiveCfg = Debug|Any CPU
		{F8186B23-B0E1-4646-B5F3-14357841E2BA}.Debug|x86.ActiveCfg = Debug|Any CPU
		{F8186B23-B0E1-4646-B5F3-14357841E2BA}.Release|Any CPU.ActiveCfg = Release|Any CPU
		{F8186B23-B0E1-4646-B5F3-14357841E2BA}.Release|Any CPU.Build.0 = Release|Any CPU
		{F8186B23-B0E1-4646-B5F3-14357841E2BA}.Release|x64.ActiveCfg = Release|Any CPU
		{F8186B23-B0E1-4646-B5F3-14357841E2BA}.Release|x86.ActiveCfg = Release|Any CPU
	EndGlobalSection
	GlobalSection(SolutionProperties) = preSolution
		HideSolutionNode = FALSE
	EndGlobalSection
	GlobalSection(NestedProjects) = preSolution
		{A09297C8-2C40-470B-8856-D856676DDFFA} = {77F03838-05F2-48C2-AC83-90B55CF67570}
		{D349B6D8-992F-443F-BB57-57E50DD98794} = {77F03838-05F2-48C2-AC83-90B55CF67570}
		{EE1F752C-1FAB-41AD-AD63-857D0E62AB6B} = {FACC670B-4AE6-4EC3-937A-73C300CAB6C5}
		{F8186B23-B0E1-4646-B5F3-14357841E2BA} = {FACC670B-4AE6-4EC3-937A-73C300CAB6C5}
	EndGlobalSection
EndGlobal
